
Microsoft Visual Studio Solution File, Format Version 12.00
# Visual Studio 15
VisualStudioVersion = 15.0.26403.3
MinimumVisualStudioVersion = 10.0.40219.1
Project("{2150E333-8FDC-42A3-9474-1A3956D46DE8}") = ".build", ".build", "{AA577967-C0C2-4028-986F-410368B9D342}"
	ProjectSection(SolutionItems) = preProject
		..\build.bat = ..\build.bat
		..\build.fsx = ..\build.fsx
	EndProjectSection
EndProject
Project("{FAE04EC0-301F-11D3-BF4B-00C04F79EFBC}") = "Genesis.DataStore", "Genesis.DataStore\Genesis.DataStore.csproj", "{8B86B3DE-761E-4742-AA0C-944D7F99C8F5}"
EndProject
Project("{FAE04EC0-301F-11D3-BF4B-00C04F79EFBC}") = "Genesis.DataStore.UnitTests", "Genesis.DataStore.UnitTests\Genesis.DataStore.UnitTests.csproj", "{D5DFA12D-6392-431E-850A-F672B2BE8FB7}"
EndProject
Global
	GlobalSection(SolutionConfigurationPlatforms) = preSolution
		Debug|Any CPU = Debug|Any CPU
		Release|Any CPU = Release|Any CPU
	EndGlobalSection
	GlobalSection(ProjectConfigurationPlatforms) = postSolution
		{8B86B3DE-761E-4742-AA0C-944D7F99C8F5}.Debug|Any CPU.ActiveCfg = Debug|Any CPU
		{8B86B3DE-761E-4742-AA0C-944D7F99C8F5}.Debug|Any CPU.Build.0 = Debug|Any CPU
		{8B86B3DE-761E-4742-AA0C-944D7F99C8F5}.Release|Any CPU.ActiveCfg = Release|Any CPU
		{8B86B3DE-761E-4742-AA0C-944D7F99C8F5}.Release|Any CPU.Build.0 = Release|Any CPU
		{D5DFA12D-6392-431E-850A-F672B2BE8FB7}.Debug|Any CPU.ActiveCfg = Debug|Any CPU
		{D5DFA12D-6392-431E-850A-F672B2BE8FB7}.Debug|Any CPU.Build.0 = Debug|Any CPU
		{D5DFA12D-6392-431E-850A-F672B2BE8FB7}.Release|Any CPU.ActiveCfg = Release|Any CPU
		{D5DFA12D-6392-431E-850A-F672B2BE8FB7}.Release|Any CPU.Build.0 = Release|Any CPU
	EndGlobalSection
	GlobalSection(SolutionProperties) = preSolution
		HideSolutionNode = FALSE
	EndGlobalSection
EndGlobal
